
Microsoft Visual Studio Solution File, Format Version 12.00
# Visual Studio Version 17
VisualStudioVersion = 17.8.33424.162
MinimumVisualStudioVersion = 10.0.40219.1

# Microservices
Project("{FAE04EC0-301F-11D3-BF4B-00C04F79EFBC}") = "AuctionService", "src\AuctionService\AuctionService.csproj", "{9DD00416-5327-615F-6AB4-CF9364434F3A}"
EndProject
Project("{FAE04EC0-301F-11D3-BF4B-00C04F79EFBC}") = "Bidding.Api", "src\BiddingService\Bidding.Api\Bidding.Api.csproj", "{2FDDAD86-A78F-F2C6-358C-5B46849B8BBD}"
EndProject
Project("{FAE04EC0-301F-11D3-BF4B-00C04F79EFBC}") = "Bidding.Application", "src\BiddingService\Bidding.Application\Bidding.Application.csproj", "{58990169-0BB0-A305-1F3F-5BAC91215BC3}"
EndProject
Project("{FAE04EC0-301F-11D3-BF4B-00C04F79EFBC}") = "Bidding.Domain", "src\BiddingService\Bidding.Domain\Bidding.Domain.csproj", "{920066C0-B1CE-51AE-2211-52FD88EFD072}"
EndProject
Project("{FAE04EC0-301F-11D3-BF4B-00C04F79EFBC}") = "Bidding.Infrastructure", "src\BiddingService\Bidding.Infrastructure\Bidding.Infrastructure.csproj", "{F630C1CD-CF6E-F68C-FC01-E3EB4536D261}"
EndProject
Project("{FAE04EC0-301F-11D3-BF4B-00C04F79EFBC}") = "CatalogService", "src\CatalogService\CatalogService.csproj", "{E62E672A-5F4A-AE34-18E7-1D0DF532B3D7}"
EndProject
Project("{FAE04EC0-301F-11D3-BF4B-00C04F79EFBC}") = "OrderService", "src\OrderService\OrderService.csproj", "{F5D6AFB2-2E56-5C19-23C2-7D0AC365D2F9}"
EndProject
Project("{FAE04EC0-301F-11D3-BF4B-00C04F79EFBC}") = "TransactionService", "src\TransactionService\TransactionService.csproj", "{F17772CE-5B6D-B4E4-D44A-3F0C2CDD4971}"
EndProject
Project("{FAE04EC0-301F-11D3-BF4B-00C04F79EFBC}") = "UserService", "src\UserService\UserService.csproj", "{83F6432B-6D5F-2D49-A8A3-BB8F6E73D199}"
EndProject

# Frontend
Project("{FA07F74C-28B4-49C3-A4D9-92CB39E84D44}") = "ui-angular", "src\ui-angular\ui-angular.esproj", "{E5D6B9C8-3F2A-4B8E-9C7D-1A2B3C4D5E6F}"
EndProject

Global
	GlobalSection(SolutionConfigurationPlatforms) = preSolution
		Debug|Any CPU = Debug|Any CPU
		Release|Any CPU = Release|Any CPU
	EndGlobalSection
	GlobalSection(ProjectConfigurationPlatforms) = postSolution
		{9DD00416-5327-615F-6AB4-CF9364434F3A}.Debug|Any CPU.ActiveCfg = Debug|Any CPU
		{9DD00416-5327-615F-6AB4-CF9364434F3A}.Debug|Any CPU.Build.0 = Debug|Any CPU
		{9DD00416-5327-615F-6AB4-CF9364434F3A}.Release|Any CPU.ActiveCfg = Release|Any CPU
		{9DD00416-5327-615F-6AB4-CF9364434F3A}.Release|Any CPU.Build.0 = Release|Any CPU
		{2FDDAD86-A78F-F2C6-358C-5B46849B8BBD}.Debug|Any CPU.ActiveCfg = Debug|Any CPU
		{2FDDAD86-A78F-F2C6-358C-5B46849B8BBD}.Debug|Any CPU.Build.0 = Debug|Any CPU
		{2FDDAD86-A78F-F2C6-358C-5B46849B8BBD}.Release|Any CPU.ActiveCfg = Release|Any CPU
		{2FDDAD86-A78F-F2C6-358C-5B46849B8BBD}.Release|Any CPU.Build.0 = Release|Any CPU
		{58990169-0BB0-A305-1F3F-5BAC91215BC3}.Debug|Any CPU.ActiveCfg = Debug|Any CPU
		{58990169-0BB0-A305-1F3F-5BAC91215BC3}.Debug|Any CPU.Build.0 = Debug|Any CPU
		{58990169-0BB0-A305-1F3F-5BAC91215BC3}.Release|Any CPU.ActiveCfg = Release|Any CPU
		{58990169-0BB0-A305-1F3F-5BAC91215BC3}.Release|Any CPU.Build.0 = Release|Any CPU
		{920066C0-B1CE-51AE-2211-52FD88EFD072}.Debug|Any CPU.ActiveCfg = Debug|Any CPU
		{920066C0-B1CE-51AE-2211-52FD88EFD072}.Debug|Any CPU.Build.0 = Debug|Any CPU
		{920066C0-B1CE-51AE-2211-52FD88EFD072}.Release|Any CPU.ActiveCfg = Release|Any CPU
		{920066C0-B1CE-51AE-2211-52FD88EFD072}.Release|Any CPU.Build.0 = Release|Any CPU
		{F630C1CD-CF6E-F68C-FC01-E3EB4536D261}.Debug|Any CPU.ActiveCfg = Debug|Any CPU
		{F630C1CD-CF6E-F68C-FC01-E3EB4536D261}.Debug|Any CPU.Build.0 = Debug|Any CPU
		{F630C1CD-CF6E-F68C-FC01-E3EB4536D261}.Release|Any CPU.ActiveCfg = Release|Any CPU
		{F630C1CD-CF6E-F68C-FC01-E3EB4536D261}.Release|Any CPU.Build.0 = Release|Any CPU
		{E62E672A-5F4A-AE34-18E7-1D0DF532B3D7}.Debug|Any CPU.ActiveCfg = Debug|Any CPU
		{E62E672A-5F4A-AE34-18E7-1D0DF532B3D7}.Debug|Any CPU.Build.0 = Debug|Any CPU
		{E62E672A-5F4A-AE34-18E7-1D0DF532B3D7}.Release|Any CPU.ActiveCfg = Release|Any CPU
		{E62E672A-5F4A-AE34-18E7-1D0DF532B3D7}.Release|Any CPU.Build.0 = Release|Any CPU
		{F5D6AFB2-2E56-5C19-23C2-7D0AC365D2F9}.Debug|Any CPU.ActiveCfg = Debug|Any CPU
		{F5D6AFB2-2E56-5C19-23C2-7D0AC365D2F9}.Debug|Any CPU.Build.0 = Debug|Any CPU
		{F5D6AFB2-2E56-5C19-23C2-7D0AC365D2F9}.Release|Any CPU.ActiveCfg = Release|Any CPU
		{F5D6AFB2-2E56-5C19-23C2-7D0AC365D2F9}.Release|Any CPU.Build.0 = Release|Any CPU
		{F17772CE-5B6D-B4E4-D44A-3F0C2CDD4971}.Debug|Any CPU.ActiveCfg = Debug|Any CPU
		{F17772CE-5B6D-B4E4-D44A-3F0C2CDD4971}.Debug|Any CPU.Build.0 = Debug|Any CPU
		{F17772CE-5B6D-B4E4-D44A-3F0C2CDD4971}.Release|Any CPU.ActiveCfg = Release|Any CPU
		{F17772CE-5B6D-B4E4-D44A-3F0C2CDD4971}.Release|Any CPU.Build.0 = Release|Any CPU
		{83F6432B-6D5F-2D49-A8A3-BB8F6E73D199}.Debug|Any CPU.ActiveCfg = Debug|Any CPU
		{83F6432B-6D5F-2D49-A8A3-BB8F6E73D199}.Debug|Any CPU.Build.0 = Debug|Any CPU
		{83F6432B-6D5F-2D49-A8A3-BB8F6E73D199}.Release|Any CPU.ActiveCfg = Release|Any CPU
		{83F6432B-6D5F-2D49-A8A3-BB8F6E73D199}.Release|Any CPU.Build.0 = Release|Any CPU
		{E5D6B9C8-3F2A-4B8E-9C7D-1A2B3C4D5E6F}.Debug|Any CPU.ActiveCfg = Debug|Any CPU
		{E5D6B9C8-3F2A-4B8E-9C7D-1A2B3C4D5E6F}.Release|Any CPU.ActiveCfg = Release|Any CPU
	EndGlobalSection
	GlobalSection(SolutionProperties) = preSolution
		HideSolutionNode = FALSE
	EndGlobalSection
EndGlobal
